// !$*UTF8*$!
{
	archiveVersion = 1;
	classes = {
	};
	objectVersion = 50;
	objects = {

/* Begin PBXBuildFile section */
		F8A4705F25B5C00E00CC2667 /* AppDelegate.swift in Sources */ = {isa = PBXBuildFile; fileRef = F8A4705E25B5C00E00CC2667 /* AppDelegate.swift */; };
		F8A4706125B5C00E00CC2667 /* SceneDelegate.swift in Sources */ = {isa = PBXBuildFile; fileRef = F8A4706025B5C00E00CC2667 /* SceneDelegate.swift */; };
		F8A4706325B5C00E00CC2667 /* MainViewController.swift in Sources */ = {isa = PBXBuildFile; fileRef = F8A4706225B5C00E00CC2667 /* MainViewController.swift */; };
		F8A4706625B5C00E00CC2667 /* Main.storyboard in Resources */ = {isa = PBXBuildFile; fileRef = F8A4706425B5C00E00CC2667 /* Main.storyboard */; };
		F8A4706825B5C01200CC2667 /* Assets.xcassets in Resources */ = {isa = PBXBuildFile; fileRef = F8A4706725B5C01200CC2667 /* Assets.xcassets */; };
		F8A4706B25B5C01200CC2667 /* LaunchScreen.storyboard in Resources */ = {isa = PBXBuildFile; fileRef = F8A4706925B5C01200CC2667 /* LaunchScreen.storyboard */; };
		F8A4707625B5C01200CC2667 /* oriol_sanz_vericat_iosTests.swift in Sources */ = {isa = PBXBuildFile; fileRef = F8A4707525B5C01200CC2667 /* oriol_sanz_vericat_iosTests.swift */; };
		F8A4708125B5C01200CC2667 /* oriol_sanz_vericat_iosUITests.swift in Sources */ = {isa = PBXBuildFile; fileRef = F8A4708025B5C01200CC2667 /* oriol_sanz_vericat_iosUITests.swift */; };
		F8B4EF1625B6DBE1001304AF /* Utils.swift in Sources */ = {isa = PBXBuildFile; fileRef = F8B4EF1525B6DBE1001304AF /* Utils.swift */; };
		F8B4EF1B25B714AF001304AF /* ArtistModel.swift in Sources */ = {isa = PBXBuildFile; fileRef = F8B4EF1A25B714AF001304AF /* ArtistModel.swift */; };
		F8B4EF1D25B71558001304AF /* ArtistAlbum.swift in Sources */ = {isa = PBXBuildFile; fileRef = F8B4EF1C25B71558001304AF /* ArtistAlbum.swift */; };
		F8B4EF2125B75298001304AF /* ArtistTableViewCell.swift in Sources */ = {isa = PBXBuildFile; fileRef = F8B4EF2025B75298001304AF /* ArtistTableViewCell.swift */; };
		F8B4EF2825B75F35001304AF /* Localizable.strings in Resources */ = {isa = PBXBuildFile; fileRef = F8B4EF2A25B75F35001304AF /* Localizable.strings */; };
		F8B4EF3A25B7671F001304AF /* DetailViewController.swift in Sources */ = {isa = PBXBuildFile; fileRef = F8B4EF3925B7671F001304AF /* DetailViewController.swift */; };
		F8B4EF3C25B8666A001304AF /* AlbumCollectionViewCell.swift in Sources */ = {isa = PBXBuildFile; fileRef = F8B4EF3B25B8666A001304AF /* AlbumCollectionViewCell.swift */; };
/* End PBXBuildFile section */

/* Begin PBXContainerItemProxy section */
		F8A4707225B5C01200CC2667 /* PBXContainerItemProxy */ = {
			isa = PBXContainerItemProxy;
			containerPortal = F8A4705325B5C00E00CC2667 /* Project object */;
			proxyType = 1;
			remoteGlobalIDString = F8A4705A25B5C00E00CC2667;
			remoteInfo = "oriol-sanz-vericat-ios";
		};
		F8A4707D25B5C01200CC2667 /* PBXContainerItemProxy */ = {
			isa = PBXContainerItemProxy;
			containerPortal = F8A4705325B5C00E00CC2667 /* Project object */;
			proxyType = 1;
			remoteGlobalIDString = F8A4705A25B5C00E00CC2667;
			remoteInfo = "oriol-sanz-vericat-ios";
		};
/* End PBXContainerItemProxy section */

/* Begin PBXFileReference section */
		F8A4705B25B5C00E00CC2667 /* oriol-sanz-vericat-ios.app */ = {isa = PBXFileReference; explicitFileType = wrapper.application; includeInIndex = 0; path = "oriol-sanz-vericat-ios.app"; sourceTree = BUILT_PRODUCTS_DIR; };
		F8A4705E25B5C00E00CC2667 /* AppDelegate.swift */ = {isa = PBXFileReference; lastKnownFileType = sourcecode.swift; path = AppDelegate.swift; sourceTree = "<group>"; };
		F8A4706025B5C00E00CC2667 /* SceneDelegate.swift */ = {isa = PBXFileReference; lastKnownFileType = sourcecode.swift; path = SceneDelegate.swift; sourceTree = "<group>"; };
		F8A4706225B5C00E00CC2667 /* MainViewController.swift */ = {isa = PBXFileReference; lastKnownFileType = sourcecode.swift; path = MainViewController.swift; sourceTree = "<group>"; };
		F8A4706525B5C00E00CC2667 /* Base */ = {isa = PBXFileReference; lastKnownFileType = file.storyboard; name = Base; path = Base.lproj/Main.storyboard; sourceTree = "<group>"; };
		F8A4706725B5C01200CC2667 /* Assets.xcassets */ = {isa = PBXFileReference; lastKnownFileType = folder.assetcatalog; path = Assets.xcassets; sourceTree = "<group>"; };
		F8A4706A25B5C01200CC2667 /* Base */ = {isa = PBXFileReference; lastKnownFileType = file.storyboard; name = Base; path = Base.lproj/LaunchScreen.storyboard; sourceTree = "<group>"; };
		F8A4706C25B5C01200CC2667 /* Info.plist */ = {isa = PBXFileReference; lastKnownFileType = text.plist.xml; path = Info.plist; sourceTree = "<group>"; };
		F8A4707125B5C01200CC2667 /* oriol-sanz-vericat-iosTests.xctest */ = {isa = PBXFileReference; explicitFileType = wrapper.cfbundle; includeInIndex = 0; path = "oriol-sanz-vericat-iosTests.xctest"; sourceTree = BUILT_PRODUCTS_DIR; };
		F8A4707525B5C01200CC2667 /* oriol_sanz_vericat_iosTests.swift */ = {isa = PBXFileReference; lastKnownFileType = sourcecode.swift; path = oriol_sanz_vericat_iosTests.swift; sourceTree = "<group>"; };
		F8A4707725B5C01200CC2667 /* Info.plist */ = {isa = PBXFileReference; lastKnownFileType = text.plist.xml; path = Info.plist; sourceTree = "<group>"; };
		F8A4707C25B5C01200CC2667 /* oriol-sanz-vericat-iosUITests.xctest */ = {isa = PBXFileReference; explicitFileType = wrapper.cfbundle; includeInIndex = 0; path = "oriol-sanz-vericat-iosUITests.xctest"; sourceTree = BUILT_PRODUCTS_DIR; };
		F8A4708025B5C01200CC2667 /* oriol_sanz_vericat_iosUITests.swift */ = {isa = PBXFileReference; lastKnownFileType = sourcecode.swift; path = oriol_sanz_vericat_iosUITests.swift; sourceTree = "<group>"; };
		F8A4708225B5C01200CC2667 /* Info.plist */ = {isa = PBXFileReference; lastKnownFileType = text.plist.xml; path = Info.plist; sourceTree = "<group>"; };
		F8B4EF1525B6DBE1001304AF /* Utils.swift */ = {isa = PBXFileReference; lastKnownFileType = sourcecode.swift; path = Utils.swift; sourceTree = "<group>"; };
		F8B4EF1A25B714AF001304AF /* ArtistModel.swift */ = {isa = PBXFileReference; lastKnownFileType = sourcecode.swift; path = ArtistModel.swift; sourceTree = "<group>"; };
		F8B4EF1C25B71558001304AF /* ArtistAlbum.swift */ = {isa = PBXFileReference; lastKnownFileType = sourcecode.swift; path = ArtistAlbum.swift; sourceTree = "<group>"; };
		F8B4EF2025B75298001304AF /* ArtistTableViewCell.swift */ = {isa = PBXFileReference; lastKnownFileType = sourcecode.swift; path = ArtistTableViewCell.swift; sourceTree = "<group>"; };
		F8B4EF2925B75F35001304AF /* en */ = {isa = PBXFileReference; lastKnownFileType = text.plist.strings; name = en; path = en.lproj/Localizable.strings; sourceTree = "<group>"; };
		F8B4EF3225B75F91001304AF /* ca-ES */ = {isa = PBXFileReference; lastKnownFileType = text.plist.strings; name = "ca-ES"; path = "ca-ES.lproj/Localizable.strings"; sourceTree = "<group>"; };
		F8B4EF3725B76007001304AF /* es */ = {isa = PBXFileReference; lastKnownFileType = text.plist.strings; name = es; path = es.lproj/Localizable.strings; sourceTree = "<group>"; };
		F8B4EF3925B7671F001304AF /* DetailViewController.swift */ = {isa = PBXFileReference; lastKnownFileType = sourcecode.swift; path = DetailViewController.swift; sourceTree = "<group>"; };
		F8B4EF3B25B8666A001304AF /* AlbumCollectionViewCell.swift */ = {isa = PBXFileReference; lastKnownFileType = sourcecode.swift; path = AlbumCollectionViewCell.swift; sourceTree = "<group>"; };
/* End PBXFileReference section */

/* Begin PBXFrameworksBuildPhase section */
		F8A4705825B5C00E00CC2667 /* Frameworks */ = {
			isa = PBXFrameworksBuildPhase;
			buildActionMask = 2147483647;
			files = (
			);
			runOnlyForDeploymentPostprocessing = 0;
		};
		F8A4706E25B5C01200CC2667 /* Frameworks */ = {
			isa = PBXFrameworksBuildPhase;
			buildActionMask = 2147483647;
			files = (
			);
			runOnlyForDeploymentPostprocessing = 0;
		};
		F8A4707925B5C01200CC2667 /* Frameworks */ = {
			isa = PBXFrameworksBuildPhase;
			buildActionMask = 2147483647;
			files = (
			);
			runOnlyForDeploymentPostprocessing = 0;
		};
/* End PBXFrameworksBuildPhase section */

/* Begin PBXGroup section */
		F8A4705225B5C00E00CC2667 = {
			isa = PBXGroup;
			children = (
				F8A4705D25B5C00E00CC2667 /* oriol-sanz-vericat-ios */,
				F8A4707425B5C01200CC2667 /* oriol-sanz-vericat-iosTests */,
				F8A4707F25B5C01200CC2667 /* oriol-sanz-vericat-iosUITests */,
				F8A4705C25B5C00E00CC2667 /* Products */,
			);
			sourceTree = "<group>";
		};
		F8A4705C25B5C00E00CC2667 /* Products */ = {
			isa = PBXGroup;
			children = (
				F8A4705B25B5C00E00CC2667 /* oriol-sanz-vericat-ios.app */,
				F8A4707125B5C01200CC2667 /* oriol-sanz-vericat-iosTests.xctest */,
				F8A4707C25B5C01200CC2667 /* oriol-sanz-vericat-iosUITests.xctest */,
			);
			name = Products;
			sourceTree = "<group>";
		};
		F8A4705D25B5C00E00CC2667 /* oriol-sanz-vericat-ios */ = {
			isa = PBXGroup;
			children = (
				F8B4EF2325B75EBB001304AF /* Localizable */,
				F8B4EF1925B7149F001304AF /* Models */,
				F8B4EF1425B6DBB3001304AF /* Utils */,
				F8B4EF3825B766F7001304AF /* DetailView */,
				F8A4708E25B5C6B600CC2667 /* MainView */,
				F8A4705E25B5C00E00CC2667 /* AppDelegate.swift */,
				F8A4706025B5C00E00CC2667 /* SceneDelegate.swift */,
				F8A4706425B5C00E00CC2667 /* Main.storyboard */,
				F8A4706725B5C01200CC2667 /* Assets.xcassets */,
				F8A4706925B5C01200CC2667 /* LaunchScreen.storyboard */,
				F8A4706C25B5C01200CC2667 /* Info.plist */,
			);
			path = "oriol-sanz-vericat-ios";
			sourceTree = "<group>";
		};
		F8A4707425B5C01200CC2667 /* oriol-sanz-vericat-iosTests */ = {
			isa = PBXGroup;
			children = (
				F8A4707525B5C01200CC2667 /* oriol_sanz_vericat_iosTests.swift */,
				F8A4707725B5C01200CC2667 /* Info.plist */,
			);
			path = "oriol-sanz-vericat-iosTests";
			sourceTree = "<group>";
		};
		F8A4707F25B5C01200CC2667 /* oriol-sanz-vericat-iosUITests */ = {
			isa = PBXGroup;
			children = (
				F8A4708025B5C01200CC2667 /* oriol_sanz_vericat_iosUITests.swift */,
				F8A4708225B5C01200CC2667 /* Info.plist */,
			);
			path = "oriol-sanz-vericat-iosUITests";
			sourceTree = "<group>";
		};
		F8A4708E25B5C6B600CC2667 /* MainView */ = {
			isa = PBXGroup;
			children = (
				F8A4706225B5C00E00CC2667 /* MainViewController.swift */,
				F8B4EF2025B75298001304AF /* ArtistTableViewCell.swift */,
			);
			path = MainView;
			sourceTree = "<group>";
		};
		F8B4EF1425B6DBB3001304AF /* Utils */ = {
			isa = PBXGroup;
			children = (
				F8B4EF1525B6DBE1001304AF /* Utils.swift */,
			);
			path = Utils;
			sourceTree = "<group>";
		};
		F8B4EF1925B7149F001304AF /* Models */ = {
			isa = PBXGroup;
			children = (
				F8B4EF1A25B714AF001304AF /* ArtistModel.swift */,
				F8B4EF1C25B71558001304AF /* ArtistAlbum.swift */,
			);
			path = Models;
			sourceTree = "<group>";
		};
		F8B4EF2325B75EBB001304AF /* Localizable */ = {
			isa = PBXGroup;
			children = (
				F8B4EF2A25B75F35001304AF /* Localizable.strings */,
			);
			path = Localizable;
			sourceTree = "<group>";
		};
		F8B4EF3825B766F7001304AF /* DetailView */ = {
			isa = PBXGroup;
			children = (
				F8B4EF3925B7671F001304AF /* DetailViewController.swift */,
				F8B4EF3B25B8666A001304AF /* AlbumCollectionViewCell.swift */,
			);
			path = DetailView;
			sourceTree = "<group>";
		};
/* End PBXGroup section */

/* Begin PBXNativeTarget section */
		F8A4705A25B5C00E00CC2667 /* oriol-sanz-vericat-ios */ = {
			isa = PBXNativeTarget;
			buildConfigurationList = F8A4708525B5C01200CC2667 /* Build configuration list for PBXNativeTarget "oriol-sanz-vericat-ios" */;
			buildPhases = (
				F8A4705725B5C00E00CC2667 /* Sources */,
				F8A4705825B5C00E00CC2667 /* Frameworks */,
				F8A4705925B5C00E00CC2667 /* Resources */,
			);
			buildRules = (
			);
			dependencies = (
			);
			name = "oriol-sanz-vericat-ios";
			productName = "oriol-sanz-vericat-ios";
			productReference = F8A4705B25B5C00E00CC2667 /* oriol-sanz-vericat-ios.app */;
			productType = "com.apple.product-type.application";
		};
		F8A4707025B5C01200CC2667 /* oriol-sanz-vericat-iosTests */ = {
			isa = PBXNativeTarget;
			buildConfigurationList = F8A4708825B5C01200CC2667 /* Build configuration list for PBXNativeTarget "oriol-sanz-vericat-iosTests" */;
			buildPhases = (
				F8A4706D25B5C01200CC2667 /* Sources */,
				F8A4706E25B5C01200CC2667 /* Frameworks */,
				F8A4706F25B5C01200CC2667 /* Resources */,
			);
			buildRules = (
			);
			dependencies = (
				F8A4707325B5C01200CC2667 /* PBXTargetDependency */,
			);
			name = "oriol-sanz-vericat-iosTests";
			productName = "oriol-sanz-vericat-iosTests";
			productReference = F8A4707125B5C01200CC2667 /* oriol-sanz-vericat-iosTests.xctest */;
			productType = "com.apple.product-type.bundle.unit-test";
		};
		F8A4707B25B5C01200CC2667 /* oriol-sanz-vericat-iosUITests */ = {
			isa = PBXNativeTarget;
			buildConfigurationList = F8A4708B25B5C01200CC2667 /* Build configuration list for PBXNativeTarget "oriol-sanz-vericat-iosUITests" */;
			buildPhases = (
				F8A4707825B5C01200CC2667 /* Sources */,
				F8A4707925B5C01200CC2667 /* Frameworks */,
				F8A4707A25B5C01200CC2667 /* Resources */,
			);
			buildRules = (
			);
			dependencies = (
				F8A4707E25B5C01200CC2667 /* PBXTargetDependency */,
			);
			name = "oriol-sanz-vericat-iosUITests";
			productName = "oriol-sanz-vericat-iosUITests";
			productReference = F8A4707C25B5C01200CC2667 /* oriol-sanz-vericat-iosUITests.xctest */;
			productType = "com.apple.product-type.bundle.ui-testing";
		};
/* End PBXNativeTarget section */

/* Begin PBXProject section */
		F8A4705325B5C00E00CC2667 /* Project object */ = {
			isa = PBXProject;
			attributes = {
				LastSwiftUpdateCheck = 1110;
				LastUpgradeCheck = 1110;
				ORGANIZATIONNAME = "Oriol Sanz Vericat";
				TargetAttributes = {
					F8A4705A25B5C00E00CC2667 = {
						CreatedOnToolsVersion = 11.1;
					};
					F8A4707025B5C01200CC2667 = {
						CreatedOnToolsVersion = 11.1;
						TestTargetID = F8A4705A25B5C00E00CC2667;
					};
					F8A4707B25B5C01200CC2667 = {
						CreatedOnToolsVersion = 11.1;
						TestTargetID = F8A4705A25B5C00E00CC2667;
					};
				};
			};
			buildConfigurationList = F8A4705625B5C00E00CC2667 /* Build configuration list for PBXProject "oriol-sanz-vericat-ios" */;
			compatibilityVersion = "Xcode 9.3";
			developmentRegion = en;
			hasScannedForEncodings = 0;
			knownRegions = (
				en,
				Base,
				es,
				"ca-ES",
			);
			mainGroup = F8A4705225B5C00E00CC2667;
			productRefGroup = F8A4705C25B5C00E00CC2667 /* Products */;
			projectDirPath = "";
			projectRoot = "";
			targets = (
				F8A4705A25B5C00E00CC2667 /* oriol-sanz-vericat-ios */,
				F8A4707025B5C01200CC2667 /* oriol-sanz-vericat-iosTests */,
				F8A4707B25B5C01200CC2667 /* oriol-sanz-vericat-iosUITests */,
			);
		};
/* End PBXProject section */

/* Begin PBXResourcesBuildPhase section */
		F8A4705925B5C00E00CC2667 /* Resources */ = {
			isa = PBXResourcesBuildPhase;
			buildActionMask = 2147483647;
			files = (
				F8A4706B25B5C01200CC2667 /* LaunchScreen.storyboard in Resources */,
				F8B4EF2825B75F35001304AF /* Localizable.strings in Resources */,
				F8A4706825B5C01200CC2667 /* Assets.xcassets in Resources */,
				F8A4706625B5C00E00CC2667 /* Main.storyboard in Resources */,
			);
			runOnlyForDeploymentPostprocessing = 0;
		};
		F8A4706F25B5C01200CC2667 /* Resources */ = {
			isa = PBXResourcesBuildPhase;
			buildActionMask = 2147483647;
			files = (
			);
			runOnlyForDeploymentPostprocessing = 0;
		};
		F8A4707A25B5C01200CC2667 /* Resources */ = {
			isa = PBXResourcesBuildPhase;
			buildActionMask = 2147483647;
			files = (
			);
			runOnlyForDeploymentPostprocessing = 0;
		};
/* End PBXResourcesBuildPhase section */

/* Begin PBXSourcesBuildPhase section */
		F8A4705725B5C00E00CC2667 /* Sources */ = {
			isa = PBXSourcesBuildPhase;
			buildActionMask = 2147483647;
			files = (
				F8B4EF3C25B8666A001304AF /* AlbumCollectionViewCell.swift in Sources */,
				F8A4706325B5C00E00CC2667 /* MainViewController.swift in Sources */,
				F8B4EF1D25B71558001304AF /* ArtistAlbum.swift in Sources */,
				F8A4705F25B5C00E00CC2667 /* AppDelegate.swift in Sources */,
				F8A4706125B5C00E00CC2667 /* SceneDelegate.swift in Sources */,
				F8B4EF1B25B714AF001304AF /* ArtistModel.swift in Sources */,
				F8B4EF1625B6DBE1001304AF /* Utils.swift in Sources */,
				F8B4EF2125B75298001304AF /* ArtistTableViewCell.swift in Sources */,
				F8B4EF3A25B7671F001304AF /* DetailViewController.swift in Sources */,
			);
			runOnlyForDeploymentPostprocessing = 0;
		};
		F8A4706D25B5C01200CC2667 /* Sources */ = {
			isa = PBXSourcesBuildPhase;
			buildActionMask = 2147483647;
			files = (
				F8A4707625B5C01200CC2667 /* oriol_sanz_vericat_iosTests.swift in Sources */,
			);
			runOnlyForDeploymentPostprocessing = 0;
		};
		F8A4707825B5C01200CC2667 /* Sources */ = {
			isa = PBXSourcesBuildPhase;
			buildActionMask = 2147483647;
			files = (
				F8A4708125B5C01200CC2667 /* oriol_sanz_vericat_iosUITests.swift in Sources */,
			);
			runOnlyForDeploymentPostprocessing = 0;
		};
/* End PBXSourcesBuildPhase section */

/* Begin PBXTargetDependency section */
		F8A4707325B5C01200CC2667 /* PBXTargetDependency */ = {
			isa = PBXTargetDependency;
			target = F8A4705A25B5C00E00CC2667 /* oriol-sanz-vericat-ios */;
			targetProxy = F8A4707225B5C01200CC2667 /* PBXContainerItemProxy */;
		};
		F8A4707E25B5C01200CC2667 /* PBXTargetDependency */ = {
			isa = PBXTargetDependency;
			target = F8A4705A25B5C00E00CC2667 /* oriol-sanz-vericat-ios */;
			targetProxy = F8A4707D25B5C01200CC2667 /* PBXContainerItemProxy */;
		};
/* End PBXTargetDependency section */

/* Begin PBXVariantGroup section */
		F8A4706425B5C00E00CC2667 /* Main.storyboard */ = {
			isa = PBXVariantGroup;
			children = (
				F8A4706525B5C00E00CC2667 /* Base */,
			);
			name = Main.storyboard;
			sourceTree = "<group>";
		};
		F8A4706925B5C01200CC2667 /* LaunchScreen.storyboard */ = {
			isa = PBXVariantGroup;
			children = (
				F8A4706A25B5C01200CC2667 /* Base */,
			);
			name = LaunchScreen.storyboard;
			sourceTree = "<group>";
		};
		F8B4EF2A25B75F35001304AF /* Localizable.strings */ = {
			isa = PBXVariantGroup;
			children = (
				F8B4EF2925B75F35001304AF /* en */,
				F8B4EF3225B75F91001304AF /* ca-ES */,
				F8B4EF3725B76007001304AF /* es */,
			);
			name = Localizable.strings;
			sourceTree = "<group>";
		};
/* End PBXVariantGroup section */

/* Begin XCBuildConfiguration section */
		F8A4708325B5C01200CC2667 /* Debug */ = {
			isa = XCBuildConfiguration;
			buildSettings = {
				ALWAYS_SEARCH_USER_PATHS = NO;
				CLANG_ANALYZER_LOCALIZABILITY_NONLOCALIZED = YES;
				CLANG_ANALYZER_NONNULL = YES;
				CLANG_ANALYZER_NUMBER_OBJECT_CONVERSION = YES_AGGRESSIVE;
				CLANG_CXX_LANGUAGE_STANDARD = "gnu++14";
				CLANG_CXX_LIBRARY = "libc++";
				CLANG_ENABLE_MODULES = YES;
				CLANG_ENABLE_OBJC_ARC = YES;
				CLANG_ENABLE_OBJC_WEAK = YES;
				CLANG_WARN_BLOCK_CAPTURE_AUTORELEASING = YES;
				CLANG_WARN_BOOL_CONVERSION = YES;
				CLANG_WARN_COMMA = YES;
				CLANG_WARN_CONSTANT_CONVERSION = YES;
				CLANG_WARN_DEPRECATED_OBJC_IMPLEMENTATIONS = YES;
				CLANG_WARN_DIRECT_OBJC_ISA_USAGE = YES_ERROR;
				CLANG_WARN_DOCUMENTATION_COMMENTS = YES;
				CLANG_WARN_EMPTY_BODY = YES;
				CLANG_WARN_ENUM_CONVERSION = YES;
				CLANG_WARN_INFINITE_RECURSION = YES;
				CLANG_WARN_INT_CONVERSION = YES;
				CLANG_WARN_NON_LITERAL_NULL_CONVERSION = YES;
				CLANG_WARN_OBJC_IMPLICIT_RETAIN_SELF = YES;
				CLANG_WARN_OBJC_LITERAL_CONVERSION = YES;
				CLANG_WARN_OBJC_ROOT_CLASS = YES_ERROR;
				CLANG_WARN_RANGE_LOOP_ANALYSIS = YES;
				CLANG_WARN_STRICT_PROTOTYPES = YES;
				CLANG_WARN_SUSPICIOUS_MOVE = YES;
				CLANG_WARN_UNGUARDED_AVAILABILITY = YES_AGGRESSIVE;
				CLANG_WARN_UNREACHABLE_CODE = YES;
				CLANG_WARN__DUPLICATE_METHOD_MATCH = YES;
				COPY_PHASE_STRIP = NO;
				DEBUG_INFORMATION_FORMAT = dwarf;
				ENABLE_STRICT_OBJC_MSGSEND = YES;
				ENABLE_TESTABILITY = YES;
				GCC_C_LANGUAGE_STANDARD = gnu11;
				GCC_DYNAMIC_NO_PIC = NO;
				GCC_NO_COMMON_BLOCKS = YES;
				GCC_OPTIMIZATION_LEVEL = 0;
				GCC_PREPROCESSOR_DEFINITIONS = (
					"DEBUG=1",
					"$(inherited)",
				);
				GCC_WARN_64_TO_32_BIT_CONVERSION = YES;
				GCC_WARN_ABOUT_RETURN_TYPE = YES_ERROR;
				GCC_WARN_UNDECLARED_SELECTOR = YES;
				GCC_WARN_UNINITIALIZED_AUTOS = YES_AGGRESSIVE;
				GCC_WARN_UNUSED_FUNCTION = YES;
				GCC_WARN_UNUSED_VARIABLE = YES;
				IPHONEOS_DEPLOYMENT_TARGET = 12.0;
				MTL_ENABLE_DEBUG_INFO = INCLUDE_SOURCE;
				MTL_FAST_MATH = YES;
				ONLY_ACTIVE_ARCH = YES;
				SDKROOT = iphoneos;
				SWIFT_ACTIVE_COMPILATION_CONDITIONS = DEBUG;
				SWIFT_OPTIMIZATION_LEVEL = "-Onone";
			};
			name = Debug;
		};
		F8A4708425B5C01200CC2667 /* Release */ = {
			isa = XCBuildConfiguration;
			buildSettings = {
				ALWAYS_SEARCH_USER_PATHS = NO;
				CLANG_ANALYZER_LOCALIZABILITY_NONLOCALIZED = YES;
				CLANG_ANALYZER_NONNULL = YES;
				CLANG_ANALYZER_NUMBER_OBJECT_CONVERSION = YES_AGGRESSIVE;
				CLANG_CXX_LANGUAGE_STANDARD = "gnu++14";
				CLANG_CXX_LIBRARY = "libc++";
				CLANG_ENABLE_MODULES = YES;
				CLANG_ENABLE_OBJC_ARC = YES;
				CLANG_ENABLE_OBJC_WEAK = YES;
				CLANG_WARN_BLOCK_CAPTURE_AUTORELEASING = YES;
				CLANG_WARN_BOOL_CONVERSION = YES;
				CLANG_WARN_COMMA = YES;
				CLANG_WARN_CONSTANT_CONVERSION = YES;
				CLANG_WARN_DEPRECATED_OBJC_IMPLEMENTATIONS = YES;
				CLANG_WARN_DIRECT_OBJC_ISA_USAGE = YES_ERROR;
				CLANG_WARN_DOCUMENTATION_COMMENTS = YES;
				CLANG_WARN_EMPTY_BODY = YES;
				CLANG_WARN_ENUM_CONVERSION = YES;
				CLANG_WARN_INFINITE_RECURSION = YES;
				CLANG_WARN_INT_CONVERSION = YES;
				CLANG_WARN_NON_LITERAL_NULL_CONVERSION = YES;
				CLANG_WARN_OBJC_IMPLICIT_RETAIN_SELF = YES;
				CLANG_WARN_OBJC_LITERAL_CONVERSION = YES;
				CLANG_WARN_OBJC_ROOT_CLASS = YES_ERROR;
				CLANG_WARN_RANGE_LOOP_ANALYSIS = YES;
				CLANG_WARN_STRICT_PROTOTYPES = YES;
				CLANG_WARN_SUSPICIOUS_MOVE = YES;
				CLANG_WARN_UNGUARDED_AVAILABILITY = YES_AGGRESSIVE;
				CLANG_WARN_UNREACHABLE_CODE = YES;
				CLANG_WARN__DUPLICATE_METHOD_MATCH = YES;
				COPY_PHASE_STRIP = NO;
				DEBUG_INFORMATION_FORMAT = "dwarf-with-dsym";
				ENABLE_NS_ASSERTIONS = NO;
				ENABLE_STRICT_OBJC_MSGSEND = YES;
				GCC_C_LANGUAGE_STANDARD = gnu11;
				GCC_NO_COMMON_BLOCKS = YES;
				GCC_WARN_64_TO_32_BIT_CONVERSION = YES;
				GCC_WARN_ABOUT_RETURN_TYPE = YES_ERROR;
				GCC_WARN_UNDECLARED_SELECTOR = YES;
				GCC_WARN_UNINITIALIZED_AUTOS = YES_AGGRESSIVE;
				GCC_WARN_UNUSED_FUNCTION = YES;
				GCC_WARN_UNUSED_VARIABLE = YES;
				IPHONEOS_DEPLOYMENT_TARGET = 12.0;
				MTL_ENABLE_DEBUG_INFO = NO;
				MTL_FAST_MATH = YES;
				SDKROOT = iphoneos;
				SWIFT_COMPILATION_MODE = wholemodule;
				SWIFT_OPTIMIZATION_LEVEL = "-O";
				VALIDATE_PRODUCT = YES;
			};
			name = Release;
		};
		F8A4708625B5C01200CC2667 /* Debug */ = {
			isa = XCBuildConfiguration;
			buildSettings = {
				ASSETCATALOG_COMPILER_APPICON_NAME = AppIcon;
				CODE_SIGN_STYLE = Automatic;
				INFOPLIST_FILE = "oriol-sanz-vericat-ios/Info.plist";
				IPHONEOS_DEPLOYMENT_TARGET = 12.0;
				LD_RUNPATH_SEARCH_PATHS = (
					"$(inherited)",
					"@executable_path/Frameworks",
				);
				PRODUCT_BUNDLE_IDENTIFIER = "com.goldenspear.oriol-sanz-vericat-ios";
				PRODUCT_NAME = "$(TARGET_NAME)";
				SWIFT_VERSION = 5.0;
				TARGETED_DEVICE_FAMILY = "1,2";
			};
			name = Debug;
		};
		F8A4708725B5C01200CC2667 /* Release */ = {
			isa = XCBuildConfiguration;
			buildSettings = {
				ASSETCATALOG_COMPILER_APPICON_NAME = AppIcon;
				CODE_SIGN_STYLE = Automatic;
				INFOPLIST_FILE = "oriol-sanz-vericat-ios/Info.plist";
				IPHONEOS_DEPLOYMENT_TARGET = 12.0;
				LD_RUNPATH_SEARCH_PATHS = (
					"$(inherited)",
					"@executable_path/Frameworks",
				);
				PRODUCT_BUNDLE_IDENTIFIER = "com.goldenspear.oriol-sanz-vericat-ios";
				PRODUCT_NAME = "$(TARGET_NAME)";
				SWIFT_VERSION = 5.0;
				TARGETED_DEVICE_FAMILY = "1,2";
			};
			name = Release;
		};
		F8A4708925B5C01200CC2667 /* Debug */ = {
			isa = XCBuildConfiguration;
			buildSettings = {
				ALWAYS_EMBED_SWIFT_STANDARD_LIBRARIES = YES;
				BUNDLE_LOADER = "$(TEST_HOST)";
				CODE_SIGN_STYLE = Automatic;
				INFOPLIST_FILE = "oriol-sanz-vericat-iosTests/Info.plist";
				IPHONEOS_DEPLOYMENT_TARGET = 13.1;
				LD_RUNPATH_SEARCH_PATHS = (
					"$(inherited)",
					"@executable_path/Frameworks",
					"@loader_path/Frameworks",
				);
				PRODUCT_BUNDLE_IDENTIFIER = "com.goldenspear.oriol-sanz-vericat-iosTests";
				PRODUCT_NAME = "$(TARGET_NAME)";
				SWIFT_VERSION = 5.0;
				TARGETED_DEVICE_FAMILY = "1,2";
				TEST_HOST = "$(BUILT_PRODUCTS_DIR)/oriol-sanz-vericat-ios.app/oriol-sanz-vericat-ios";
			};
			name = Debug;
		};
		F8A4708A25B5C01200CC2667 /* Release */ = {
			isa = XCBuildConfiguration;
			buildSettings = {
				ALWAYS_EMBED_SWIFT_STANDARD_LIBRARIES = YES;
				BUNDLE_LOADER = "$(TEST_HOST)";
				CODE_SIGN_STYLE = Automatic;
				INFOPLIST_FILE = "oriol-sanz-vericat-iosTests/Info.plist";
				IPHONEOS_DEPLOYMENT_TARGET = 13.1;
				LD_RUNPATH_SEARCH_PATHS = (
					"$(inherited)",
					"@executable_path/Frameworks",
					"@loader_path/Frameworks",
				);
				PRODUCT_BUNDLE_IDENTIFIER = "com.goldenspear.oriol-sanz-vericat-iosTests";
				PRODUCT_NAME = "$(TARGET_NAME)";
				SWIFT_VERSION = 5.0;
				TARGETED_DEVICE_FAMILY = "1,2";
				TEST_HOST = "$(BUILT_PRODUCTS_DIR)/oriol-sanz-vericat-ios.app/oriol-sanz-vericat-ios";
			};
			name = Release;
		};
		F8A4708C25B5C01200CC2667 /* Debug */ = {
			isa = XCBuildConfiguration;
			buildSettings = {
				ALWAYS_EMBED_SWIFT_STANDARD_LIBRARIES = YES;
				CODE_SIGN_STYLE = Automatic;
				INFOPLIST_FILE = "oriol-sanz-vericat-iosUITests/Info.plist";
				LD_RUNPATH_SEARCH_PATHS = (
					"$(inherited)",
					"@executable_path/Frameworks",
					"@loader_path/Frameworks",
				);
				PRODUCT_BUNDLE_IDENTIFIER = "com.goldenspear.oriol-sanz-vericat-iosUITests";
				PRODUCT_NAME = "$(TARGET_NAME)";
				SWIFT_VERSION = 5.0;
				TARGETED_DEVICE_FAMILY = "1,2";
				TEST_TARGET_NAME = "oriol-sanz-vericat-ios";
			};
			name = Debug;
		};
		F8A4708D25B5C01200CC2667 /* Release */ = {
			isa = XCBuildConfiguration;
			buildSettings = {
				ALWAYS_EMBED_SWIFT_STANDARD_LIBRARIES = YES;
				CODE_SIGN_STYLE = Automatic;
				INFOPLIST_FILE = "oriol-sanz-vericat-iosUITests/Info.plist";
				LD_RUNPATH_SEARCH_PATHS = (
					"$(inherited)",
					"@executable_path/Frameworks",
					"@loader_path/Frameworks",
				);
				PRODUCT_BUNDLE_IDENTIFIER = "com.goldenspear.oriol-sanz-vericat-iosUITests";
				PRODUCT_NAME = "$(TARGET_NAME)";
				SWIFT_VERSION = 5.0;
				TARGETED_DEVICE_FAMILY = "1,2";
				TEST_TARGET_NAME = "oriol-sanz-vericat-ios";
			};
			name = Release;
		};
/* End XCBuildConfiguration section */

/* Begin XCConfigurationList section */
		F8A4705625B5C00E00CC2667 /* Build configuration list for PBXProject "oriol-sanz-vericat-ios" */ = {
			isa = XCConfigurationList;
			buildConfigurations = (
				F8A4708325B5C01200CC2667 /* Debug */,
				F8A4708425B5C01200CC2667 /* Release */,
			);
			defaultConfigurationIsVisible = 0;
			defaultConfigurationName = Release;
		};
		F8A4708525B5C01200CC2667 /* Build configuration list for PBXNativeTarget "oriol-sanz-vericat-ios" */ = {
			isa = XCConfigurationList;
			buildConfigurations = (
				F8A4708625B5C01200CC2667 /* Debug */,
				F8A4708725B5C01200CC2667 /* Release */,
			);
			defaultConfigurationIsVisible = 0;
			defaultConfigurationName = Release;
		};
		F8A4708825B5C01200CC2667 /* Build configuration list for PBXNativeTarget "oriol-sanz-vericat-iosTests" */ = {
			isa = XCConfigurationList;
			buildConfigurations = (
				F8A4708925B5C01200CC2667 /* Debug */,
				F8A4708A25B5C01200CC2667 /* Release */,
			);
			defaultConfigurationIsVisible = 0;
			defaultConfigurationName = Release;
		};
		F8A4708B25B5C01200CC2667 /* Build configuration list for PBXNativeTarget "oriol-sanz-vericat-iosUITests" */ = {
			isa = XCConfigurationList;
			buildConfigurations = (
				F8A4708C25B5C01200CC2667 /* Debug */,
				F8A4708D25B5C01200CC2667 /* Release */,
			);
			defaultConfigurationIsVisible = 0;
			defaultConfigurationName = Release;
		};
/* End XCConfigurationList section */
	};
	rootObject = F8A4705325B5C00E00CC2667 /* Project object */;
}
